// !$*UTF8*$!
{
	archiveVersion = 1;
	classes = {
	};
	objectVersion = 46;
	objects = {

/* Begin PBXBuildFile section */
		318D051B1B1E8613002F3285 /* main.m in Sources */ = {isa = PBXBuildFile; fileRef = 318D051A1B1E8613002F3285 /* main.m */; };
		318D051E1B1E8613002F3285 /* AppDelegate.m in Sources */ = {isa = PBXBuildFile; fileRef = 318D051D1B1E8613002F3285 /* AppDelegate.m */; };
		318D05211B1E8613002F3285 /* WidgetTest.xcdatamodeld in Sources */ = {isa = PBXBuildFile; fileRef = 318D051F1B1E8613002F3285 /* WidgetTest.xcdatamodeld */; };
		318D05241B1E8613002F3285 /* ViewController.m in Sources */ = {isa = PBXBuildFile; fileRef = 318D05231B1E8613002F3285 /* ViewController.m */; };
		318D05271B1E8613002F3285 /* Main.storyboard in Resources */ = {isa = PBXBuildFile; fileRef = 318D05251B1E8613002F3285 /* Main.storyboard */; };
		318D05291B1E8613002F3285 /* Images.xcassets in Resources */ = {isa = PBXBuildFile; fileRef = 318D05281B1E8613002F3285 /* Images.xcassets */; };
		318D052C1B1E8613002F3285 /* LaunchScreen.xib in Resources */ = {isa = PBXBuildFile; fileRef = 318D052A1B1E8613002F3285 /* LaunchScreen.xib */; };
		318D05381B1E8613002F3285 /* WidgetTestTests.m in Sources */ = {isa = PBXBuildFile; fileRef = 318D05371B1E8613002F3285 /* WidgetTestTests.m */; };
		318D05481B1E8643002F3285 /* NotificationCenter.framework in Frameworks */ = {isa = PBXBuildFile; fileRef = 318D05471B1E8643002F3285 /* NotificationCenter.framework */; };
		318D054E1B1E8643002F3285 /* TodayViewController.m in Sources */ = {isa = PBXBuildFile; fileRef = 318D054D1B1E8643002F3285 /* TodayViewController.m */; };
		318D05501B1E8643002F3285 /* MainInterface.storyboard in Resources */ = {isa = PBXBuildFile; fileRef = 318D054F1B1E8643002F3285 /* MainInterface.storyboard */; };
		318D05531B1E8643002F3285 /* FixTheCity.appex in Embed App Extensions */ = {isa = PBXBuildFile; fileRef = 318D05451B1E8643002F3285 /* FixTheCity.appex */; settings = {ATTRIBUTES = (RemoveHeadersOnCopy, ); }; };
		318D05591B1E8AAA002F3285 /* AudioToolbox.framework in Frameworks */ = {isa = PBXBuildFile; fileRef = 318D05581B1E8AAA002F3285 /* AudioToolbox.framework */; };
/* End PBXBuildFile section */

/* Begin PBXContainerItemProxy section */
		318D05321B1E8613002F3285 /* PBXContainerItemProxy */ = {
			isa = PBXContainerItemProxy;
			containerPortal = 318D050D1B1E8613002F3285 /* Project object */;
			proxyType = 1;
			remoteGlobalIDString = 318D05141B1E8613002F3285;
			remoteInfo = WidgetTest;
		};
		318D05511B1E8643002F3285 /* PBXContainerItemProxy */ = {
			isa = PBXContainerItemProxy;
			containerPortal = 318D050D1B1E8613002F3285 /* Project object */;
			proxyType = 1;
			remoteGlobalIDString = 318D05441B1E8643002F3285;
			remoteInfo = FixTheCity;
		};
/* End PBXContainerItemProxy section */

/* Begin PBXCopyFilesBuildPhase section */
		318D05571B1E8643002F3285 /* Embed App Extensions */ = {
			isa = PBXCopyFilesBuildPhase;
			buildActionMask = 2147483647;
			dstPath = "";
			dstSubfolderSpec = 13;
			files = (
				318D05531B1E8643002F3285 /* FixTheCity.appex in Embed App Extensions */,
			);
			name = "Embed App Extensions";
			runOnlyForDeploymentPostprocessing = 0;
		};
/* End PBXCopyFilesBuildPhase section */

/* Begin PBXFileReference section */
		318D05151B1E8613002F3285 /* WidgetTest.app */ = {isa = PBXFileReference; explicitFileType = wrapper.application; includeInIndex = 0; path = WidgetTest.app; sourceTree = BUILT_PRODUCTS_DIR; };
		318D05191B1E8613002F3285 /* Info.plist */ = {isa = PBXFileReference; lastKnownFileType = text.plist.xml; path = Info.plist; sourceTree = "<group>"; };
		318D051A1B1E8613002F3285 /* main.m */ = {isa = PBXFileReference; lastKnownFileType = sourcecode.c.objc; path = main.m; sourceTree = "<group>"; };
		318D051C1B1E8613002F3285 /* AppDelegate.h */ = {isa = PBXFileReference; lastKnownFileType = sourcecode.c.h; path = AppDelegate.h; sourceTree = "<group>"; };
		318D051D1B1E8613002F3285 /* AppDelegate.m */ = {isa = PBXFileReference; lastKnownFileType = sourcecode.c.objc; path = AppDelegate.m; sourceTree = "<group>"; };
		318D05201B1E8613002F3285 /* WidgetTest.xcdatamodel */ = {isa = PBXFileReference; lastKnownFileType = wrapper.xcdatamodel; path = WidgetTest.xcdatamodel; sourceTree = "<group>"; };
		318D05221B1E8613002F3285 /* ViewController.h */ = {isa = PBXFileReference; lastKnownFileType = sourcecode.c.h; path = ViewController.h; sourceTree = "<group>"; };
		318D05231B1E8613002F3285 /* ViewController.m */ = {isa = PBXFileReference; lastKnownFileType = sourcecode.c.objc; path = ViewController.m; sourceTree = "<group>"; };
		318D05261B1E8613002F3285 /* Base */ = {isa = PBXFileReference; lastKnownFileType = file.storyboard; name = Base; path = Base.lproj/Main.storyboard; sourceTree = "<group>"; };
		318D05281B1E8613002F3285 /* Images.xcassets */ = {isa = PBXFileReference; lastKnownFileType = folder.assetcatalog; path = Images.xcassets; sourceTree = "<group>"; };
		318D052B1B1E8613002F3285 /* Base */ = {isa = PBXFileReference; lastKnownFileType = file.xib; name = Base; path = Base.lproj/LaunchScreen.xib; sourceTree = "<group>"; };
		318D05311B1E8613002F3285 /* WidgetTestTests.xctest */ = {isa = PBXFileReference; explicitFileType = wrapper.cfbundle; includeInIndex = 0; path = WidgetTestTests.xctest; sourceTree = BUILT_PRODUCTS_DIR; };
		318D05361B1E8613002F3285 /* Info.plist */ = {isa = PBXFileReference; lastKnownFileType = text.plist.xml; path = Info.plist; sourceTree = "<group>"; };
		318D05371B1E8613002F3285 /* WidgetTestTests.m */ = {isa = PBXFileReference; lastKnownFileType = sourcecode.c.objc; path = WidgetTestTests.m; sourceTree = "<group>"; };
		318D05451B1E8643002F3285 /* FixTheCity.appex */ = {isa = PBXFileReference; explicitFileType = "wrapper.app-extension"; includeInIndex = 0; path = FixTheCity.appex; sourceTree = BUILT_PRODUCTS_DIR; };
		318D05471B1E8643002F3285 /* NotificationCenter.framework */ = {isa = PBXFileReference; lastKnownFileType = wrapper.framework; name = NotificationCenter.framework; path = System/Library/Frameworks/NotificationCenter.framework; sourceTree = SDKROOT; };
		318D054B1B1E8643002F3285 /* Info.plist */ = {isa = PBXFileReference; lastKnownFileType = text.plist.xml; path = Info.plist; sourceTree = "<group>"; };
		318D054C1B1E8643002F3285 /* TodayViewController.h */ = {isa = PBXFileReference; lastKnownFileType = sourcecode.c.h; path = TodayViewController.h; sourceTree = "<group>"; };
		318D054D1B1E8643002F3285 /* TodayViewController.m */ = {isa = PBXFileReference; lastKnownFileType = sourcecode.c.objc; path = TodayViewController.m; sourceTree = "<group>"; };
		318D054F1B1E8643002F3285 /* MainInterface.storyboard */ = {isa = PBXFileReference; lastKnownFileType = file.storyboard; path = MainInterface.storyboard; sourceTree = "<group>"; };
		318D05581B1E8AAA002F3285 /* AudioToolbox.framework */ = {isa = PBXFileReference; lastKnownFileType = wrapper.framework; name = AudioToolbox.framework; path = System/Library/Frameworks/AudioToolbox.framework; sourceTree = SDKROOT; };
/* End PBXFileReference section */

/* Begin PBXFrameworksBuildPhase section */
		318D05121B1E8613002F3285 /* Frameworks */ = {
			isa = PBXFrameworksBuildPhase;
			buildActionMask = 2147483647;
			files = (
			);
			runOnlyForDeploymentPostprocessing = 0;
		};
		318D052E1B1E8613002F3285 /* Frameworks */ = {
			isa = PBXFrameworksBuildPhase;
			buildActionMask = 2147483647;
			files = (
			);
			runOnlyForDeploymentPostprocessing = 0;
		};
		318D05421B1E8643002F3285 /* Frameworks */ = {
			isa = PBXFrameworksBuildPhase;
			buildActionMask = 2147483647;
			files = (
				318D05591B1E8AAA002F3285 /* AudioToolbox.framework in Frameworks */,
				318D05481B1E8643002F3285 /* NotificationCenter.framework in Frameworks */,
			);
			runOnlyForDeploymentPostprocessing = 0;
		};
/* End PBXFrameworksBuildPhase section */

/* Begin PBXGroup section */
		318D050C1B1E8613002F3285 = {
			isa = PBXGroup;
			children = (
				318D05171B1E8613002F3285 /* WidgetTest */,
				318D05341B1E8613002F3285 /* WidgetTestTests */,
				318D05491B1E8643002F3285 /* FixTheCity */,
				318D05461B1E8643002F3285 /* Frameworks */,
				318D05161B1E8613002F3285 /* Products */,
			);
			sourceTree = "<group>";
		};
		318D05161B1E8613002F3285 /* Products */ = {
			isa = PBXGroup;
			children = (
				318D05151B1E8613002F3285 /* WidgetTest.app */,
				318D05311B1E8613002F3285 /* WidgetTestTests.xctest */,
				318D05451B1E8643002F3285 /* FixTheCity.appex */,
			);
			name = Products;
			sourceTree = "<group>";
		};
		318D05171B1E8613002F3285 /* WidgetTest */ = {
			isa = PBXGroup;
			children = (
				318D051C1B1E8613002F3285 /* AppDelegate.h */,
				318D051D1B1E8613002F3285 /* AppDelegate.m */,
				318D05221B1E8613002F3285 /* ViewController.h */,
				318D05231B1E8613002F3285 /* ViewController.m */,
				318D05251B1E8613002F3285 /* Main.storyboard */,
				318D05281B1E8613002F3285 /* Images.xcassets */,
				318D052A1B1E8613002F3285 /* LaunchScreen.xib */,
				318D051F1B1E8613002F3285 /* WidgetTest.xcdatamodeld */,
				318D05181B1E8613002F3285 /* Supporting Files */,
			);
			path = WidgetTest;
			sourceTree = "<group>";
		};
		318D05181B1E8613002F3285 /* Supporting Files */ = {
			isa = PBXGroup;
			children = (
				318D05191B1E8613002F3285 /* Info.plist */,
				318D051A1B1E8613002F3285 /* main.m */,
			);
			name = "Supporting Files";
			sourceTree = "<group>";
		};
		318D05341B1E8613002F3285 /* WidgetTestTests */ = {
			isa = PBXGroup;
			children = (
				318D05371B1E8613002F3285 /* WidgetTestTests.m */,
				318D05351B1E8613002F3285 /* Supporting Files */,
			);
			path = WidgetTestTests;
			sourceTree = "<group>";
		};
		318D05351B1E8613002F3285 /* Supporting Files */ = {
			isa = PBXGroup;
			children = (
				318D05361B1E8613002F3285 /* Info.plist */,
			);
			name = "Supporting Files";
			sourceTree = "<group>";
		};
		318D05461B1E8643002F3285 /* Frameworks */ = {
			isa = PBXGroup;
			children = (
				318D05581B1E8AAA002F3285 /* AudioToolbox.framework */,
				318D05471B1E8643002F3285 /* NotificationCenter.framework */,
			);
			name = Frameworks;
			sourceTree = "<group>";
		};
		318D05491B1E8643002F3285 /* FixTheCity */ = {
			isa = PBXGroup;
			children = (
				318D054C1B1E8643002F3285 /* TodayViewController.h */,
				318D054D1B1E8643002F3285 /* TodayViewController.m */,
				318D054F1B1E8643002F3285 /* MainInterface.storyboard */,
				318D054A1B1E8643002F3285 /* Supporting Files */,
			);
			path = FixTheCity;
			sourceTree = "<group>";
		};
		318D054A1B1E8643002F3285 /* Supporting Files */ = {
			isa = PBXGroup;
			children = (
				318D054B1B1E8643002F3285 /* Info.plist */,
			);
			name = "Supporting Files";
			sourceTree = "<group>";
		};
/* End PBXGroup section */

/* Begin PBXNativeTarget section */
		318D05141B1E8613002F3285 /* WidgetTest */ = {
			isa = PBXNativeTarget;
			buildConfigurationList = 318D053B1B1E8613002F3285 /* Build configuration list for PBXNativeTarget "WidgetTest" */;
			buildPhases = (
				318D05111B1E8613002F3285 /* Sources */,
				318D05121B1E8613002F3285 /* Frameworks */,
				318D05131B1E8613002F3285 /* Resources */,
				318D05571B1E8643002F3285 /* Embed App Extensions */,
			);
			buildRules = (
			);
			dependencies = (
				318D05521B1E8643002F3285 /* PBXTargetDependency */,
			);
			name = WidgetTest;
			productName = WidgetTest;
			productReference = 318D05151B1E8613002F3285 /* WidgetTest.app */;
			productType = "com.apple.product-type.application";
		};
		318D05301B1E8613002F3285 /* WidgetTestTests */ = {
			isa = PBXNativeTarget;
			buildConfigurationList = 318D053E1B1E8613002F3285 /* Build configuration list for PBXNativeTarget "WidgetTestTests" */;
			buildPhases = (
				318D052D1B1E8613002F3285 /* Sources */,
				318D052E1B1E8613002F3285 /* Frameworks */,
				318D052F1B1E8613002F3285 /* Resources */,
			);
			buildRules = (
			);
			dependencies = (
				318D05331B1E8613002F3285 /* PBXTargetDependency */,
			);
			name = WidgetTestTests;
			productName = WidgetTestTests;
			productReference = 318D05311B1E8613002F3285 /* WidgetTestTests.xctest */;
			productType = "com.apple.product-type.bundle.unit-test";
		};
		318D05441B1E8643002F3285 /* FixTheCity */ = {
			isa = PBXNativeTarget;
			buildConfigurationList = 318D05541B1E8643002F3285 /* Build configuration list for PBXNativeTarget "FixTheCity" */;
			buildPhases = (
				318D05411B1E8643002F3285 /* Sources */,
				318D05421B1E8643002F3285 /* Frameworks */,
				318D05431B1E8643002F3285 /* Resources */,
			);
			buildRules = (
			);
			dependencies = (
			);
			name = FixTheCity;
			productName = FixTheCity;
			productReference = 318D05451B1E8643002F3285 /* FixTheCity.appex */;
			productType = "com.apple.product-type.app-extension";
		};
/* End PBXNativeTarget section */

/* Begin PBXProject section */
		318D050D1B1E8613002F3285 /* Project object */ = {
			isa = PBXProject;
			attributes = {
				LastUpgradeCheck = 0630;
				ORGANIZATIONNAME = "Tuko Apps";
				TargetAttributes = {
					318D05141B1E8613002F3285 = {
						CreatedOnToolsVersion = 6.3.1;
					};
					318D05301B1E8613002F3285 = {
						CreatedOnToolsVersion = 6.3.1;
						TestTargetID = 318D05141B1E8613002F3285;
					};
					318D05441B1E8643002F3285 = {
						CreatedOnToolsVersion = 6.3.1;
					};
				};
			};
			buildConfigurationList = 318D05101B1E8613002F3285 /* Build configuration list for PBXProject "WidgetTest" */;
			compatibilityVersion = "Xcode 3.2";
			developmentRegion = English;
			hasScannedForEncodings = 0;
			knownRegions = (
				en,
				Base,
			);
			mainGroup = 318D050C1B1E8613002F3285;
			productRefGroup = 318D05161B1E8613002F3285 /* Products */;
			projectDirPath = "";
			projectRoot = "";
			targets = (
				318D05141B1E8613002F3285 /* WidgetTest */,
				318D05301B1E8613002F3285 /* WidgetTestTests */,
				318D05441B1E8643002F3285 /* FixTheCity */,
			);
		};
/* End PBXProject section */

/* Begin PBXResourcesBuildPhase section */
		318D05131B1E8613002F3285 /* Resources */ = {
			isa = PBXResourcesBuildPhase;
			buildActionMask = 2147483647;
			files = (
				318D05271B1E8613002F3285 /* Main.storyboard in Resources */,
				318D052C1B1E8613002F3285 /* LaunchScreen.xib in Resources */,
				318D05291B1E8613002F3285 /* Images.xcassets in Resources */,
			);
			runOnlyForDeploymentPostprocessing = 0;
		};
		318D052F1B1E8613002F3285 /* Resources */ = {
			isa = PBXResourcesBuildPhase;
			buildActionMask = 2147483647;
			files = (
			);
			runOnlyForDeploymentPostprocessing = 0;
		};
		318D05431B1E8643002F3285 /* Resources */ = {
			isa = PBXResourcesBuildPhase;
			buildActionMask = 2147483647;
			files = (
				318D05501B1E8643002F3285 /* MainInterface.storyboard in Resources */,
			);
			runOnlyForDeploymentPostprocessing = 0;
		};
/* End PBXResourcesBuildPhase section */

/* Begin PBXSourcesBuildPhase section */
		318D05111B1E8613002F3285 /* Sources */ = {
			isa = PBXSourcesBuildPhase;
			buildActionMask = 2147483647;
			files = (
				318D05211B1E8613002F3285 /* WidgetTest.xcdatamodeld in Sources */,
				318D051E1B1E8613002F3285 /* AppDelegate.m in Sources */,
				318D05241B1E8613002F3285 /* ViewController.m in Sources */,
				318D051B1B1E8613002F3285 /* main.m in Sources */,
			);
			runOnlyForDeploymentPostprocessing = 0;
		};
		318D052D1B1E8613002F3285 /* Sources */ = {
			isa = PBXSourcesBuildPhase;
			buildActionMask = 2147483647;
			files = (
				318D05381B1E8613002F3285 /* WidgetTestTests.m in Sources */,
			);
			runOnlyForDeploymentPostprocessing = 0;
		};
		318D05411B1E8643002F3285 /* Sources */ = {
			isa = PBXSourcesBuildPhase;
			buildActionMask = 2147483647;
			files = (
				318D054E1B1E8643002F3285 /* TodayViewController.m in Sources */,
			);
			runOnlyForDeploymentPostprocessing = 0;
		};
/* End PBXSourcesBuildPhase section */

/* Begin PBXTargetDependency section */
		318D05331B1E8613002F3285 /* PBXTargetDependency */ = {
			isa = PBXTargetDependency;
			target = 318D05141B1E8613002F3285 /* WidgetTest */;
			targetProxy = 318D05321B1E8613002F3285 /* PBXContainerItemProxy */;
		};
		318D05521B1E8643002F3285 /* PBXTargetDependency */ = {
			isa = PBXTargetDependency;
			target = 318D05441B1E8643002F3285 /* FixTheCity */;
			targetProxy = 318D05511B1E8643002F3285 /* PBXContainerItemProxy */;
		};
/* End PBXTargetDependency section */

/* Begin PBXVariantGroup section */
		318D05251B1E8613002F3285 /* Main.storyboard */ = {
			isa = PBXVariantGroup;
			children = (
				318D05261B1E8613002F3285 /* Base */,
			);
			name = Main.storyboard;
			sourceTree = "<group>";
		};
		318D052A1B1E8613002F3285 /* LaunchScreen.xib */ = {
			isa = PBXVariantGroup;
			children = (
				318D052B1B1E8613002F3285 /* Base */,
			);
			name = LaunchScreen.xib;
			sourceTree = "<group>";
		};
/* End PBXVariantGroup section */

/* Begin XCBuildConfiguration section */
		318D05391B1E8613002F3285 /* Debug */ = {
			isa = XCBuildConfiguration;
			buildSettings = {
				ALWAYS_SEARCH_USER_PATHS = NO;
				CLANG_CXX_LANGUAGE_STANDARD = "gnu++0x";
				CLANG_CXX_LIBRARY = "libc++";
				CLANG_ENABLE_MODULES = YES;
				CLANG_ENABLE_OBJC_ARC = YES;
				CLANG_WARN_BOOL_CONVERSION = YES;
				CLANG_WARN_CONSTANT_CONVERSION = YES;
				CLANG_WARN_DIRECT_OBJC_ISA_USAGE = YES_ERROR;
				CLANG_WARN_EMPTY_BODY = YES;
				CLANG_WARN_ENUM_CONVERSION = YES;
				CLANG_WARN_INT_CONVERSION = YES;
				CLANG_WARN_OBJC_ROOT_CLASS = YES_ERROR;
				CLANG_WARN_UNREACHABLE_CODE = YES;
				CLANG_WARN__DUPLICATE_METHOD_MATCH = YES;
				"CODE_SIGN_IDENTITY[sdk=iphoneos*]" = "iPhone Developer";
				COPY_PHASE_STRIP = NO;
				DEBUG_INFORMATION_FORMAT = "dwarf-with-dsym";
				ENABLE_STRICT_OBJC_MSGSEND = YES;
				GCC_C_LANGUAGE_STANDARD = gnu99;
				GCC_DYNAMIC_NO_PIC = NO;
				GCC_NO_COMMON_BLOCKS = YES;
				GCC_OPTIMIZATION_LEVEL = 0;
				GCC_PREPROCESSOR_DEFINITIONS = (
					"DEBUG=1",
					"$(inherited)",
				);
				GCC_SYMBOLS_PRIVATE_EXTERN = NO;
				GCC_WARN_64_TO_32_BIT_CONVERSION = YES;
				GCC_WARN_ABOUT_RETURN_TYPE = YES_ERROR;
				GCC_WARN_UNDECLARED_SELECTOR = YES;
				GCC_WARN_UNINITIALIZED_AUTOS = YES_AGGRESSIVE;
				GCC_WARN_UNUSED_FUNCTION = YES;
				GCC_WARN_UNUSED_VARIABLE = YES;
				IPHONEOS_DEPLOYMENT_TARGET = 8.3;
				MTL_ENABLE_DEBUG_INFO = YES;
				ONLY_ACTIVE_ARCH = YES;
				SDKROOT = iphoneos;
			};
			name = Debug;
		};
		318D053A1B1E8613002F3285 /* Release */ = {
			isa = XCBuildConfiguration;
			buildSettings = {
				ALWAYS_SEARCH_USER_PATHS = NO;
				CLANG_CXX_LANGUAGE_STANDARD = "gnu++0x";
				CLANG_CXX_LIBRARY = "libc++";
				CLANG_ENABLE_MODULES = YES;
				CLANG_ENABLE_OBJC_ARC = YES;
				CLANG_WARN_BOOL_CONVERSION = YES;
				CLANG_WARN_CONSTANT_CONVERSION = YES;
				CLANG_WARN_DIRECT_OBJC_ISA_USAGE = YES_ERROR;
				CLANG_WARN_EMPTY_BODY = YES;
				CLANG_WARN_ENUM_CONVERSION = YES;
				CLANG_WARN_INT_CONVERSION = YES;
				CLANG_WARN_OBJC_ROOT_CLASS = YES_ERROR;
				CLANG_WARN_UNREACHABLE_CODE = YES;
				CLANG_WARN__DUPLICATE_METHOD_MATCH = YES;
				"CODE_SIGN_IDENTITY[sdk=iphoneos*]" = "iPhone Developer";
				COPY_PHASE_STRIP = NO;
				DEBUG_INFORMATION_FORMAT = "dwarf-with-dsym";
				ENABLE_NS_ASSERTIONS = NO;
				ENABLE_STRICT_OBJC_MSGSEND = YES;
				GCC_C_LANGUAGE_STANDARD = gnu99;
				GCC_NO_COMMON_BLOCKS = YES;
				GCC_WARN_64_TO_32_BIT_CONVERSION = YES;
				GCC_WARN_ABOUT_RETURN_TYPE = YES_ERROR;
				GCC_WARN_UNDECLARED_SELECTOR = YES;
				GCC_WARN_UNINITIALIZED_AUTOS = YES_AGGRESSIVE;
				GCC_WARN_UNUSED_FUNCTION = YES;
				GCC_WARN_UNUSED_VARIABLE = YES;
				IPHONEOS_DEPLOYMENT_TARGET = 8.3;
				MTL_ENABLE_DEBUG_INFO = NO;
				SDKROOT = iphoneos;
				VALIDATE_PRODUCT = YES;
			};
			name = Release;
		};
		318D053C1B1E8613002F3285 /* Debug */ = {
			isa = XCBuildConfiguration;
			buildSettings = {
				ASSETCATALOG_COMPILER_APPICON_NAME = AppIcon;
				INFOPLIST_FILE = WidgetTest/Info.plist;
				LD_RUNPATH_SEARCH_PATHS = "$(inherited) @executable_path/Frameworks";
				PRODUCT_NAME = "$(TARGET_NAME)";
			};
			name = Debug;
		};
		318D053D1B1E8613002F3285 /* Release */ = {
			isa = XCBuildConfiguration;
			buildSettings = {
				ASSETCATALOG_COMPILER_APPICON_NAME = AppIcon;
				INFOPLIST_FILE = WidgetTest/Info.plist;
				LD_RUNPATH_SEARCH_PATHS = "$(inherited) @executable_path/Frameworks";
				PRODUCT_NAME = "$(TARGET_NAME)";
			};
			name = Release;
		};
		318D053F1B1E8613002F3285 /* Debug */ = {
			isa = XCBuildConfiguration;
			buildSettings = {
				BUNDLE_LOADER = "$(TEST_HOST)";
				FRAMEWORK_SEARCH_PATHS = (
					"$(SDKROOT)/Developer/Library/Frameworks",
					"$(inherited)",
				);
				GCC_PREPROCESSOR_DEFINITIONS = (
					"DEBUG=1",
					"$(inherited)",
				);
				INFOPLIST_FILE = WidgetTestTests/Info.plist;
				LD_RUNPATH_SEARCH_PATHS = "$(inherited) @executable_path/Frameworks @loader_path/Frameworks";
				PRODUCT_NAME = "$(TARGET_NAME)";
				TEST_HOST = "$(BUILT_PRODUCTS_DIR)/WidgetTest.app/WidgetTest";
			};
			name = Debug;
		};
		318D05401B1E8613002F3285 /* Release */ = {
			isa = XCBuildConfiguration;
			buildSettings = {
				BUNDLE_LOADER = "$(TEST_HOST)";
				FRAMEWORK_SEARCH_PATHS = (
					"$(SDKROOT)/Developer/Library/Frameworks",
					"$(inherited)",
				);
				INFOPLIST_FILE = WidgetTestTests/Info.plist;
				LD_RUNPATH_SEARCH_PATHS = "$(inherited) @executable_path/Frameworks @loader_path/Frameworks";
				PRODUCT_NAME = "$(TARGET_NAME)";
				TEST_HOST = "$(BUILT_PRODUCTS_DIR)/WidgetTest.app/WidgetTest";
			};
			name = Release;
		};
		318D05551B1E8643002F3285 /* Debug */ = {
			isa = XCBuildConfiguration;
			buildSettings = {
				GCC_PREPROCESSOR_DEFINITIONS = (
					"DEBUG=1",
					"$(inherited)",
				);
				INFOPLIST_FILE = FixTheCity/Info.plist;
				LD_RUNPATH_SEARCH_PATHS = "$(inherited) @executable_path/Frameworks @executable_path/../../Frameworks";
				PRODUCT_NAME = "$(TARGET_NAME)";
				SKIP_INSTALL = YES;
			};
			name = Debug;
		};
		318D05561B1E8643002F3285 /* Release */ = {
			isa = XCBuildConfiguration;
			buildSettings = {
				INFOPLIST_FILE = FixTheCity/Info.plist;
				LD_RUNPATH_SEARCH_PATHS = "$(inherited) @executable_path/Frameworks @executable_path/../../Frameworks";
				PRODUCT_NAME = "$(TARGET_NAME)";
				SKIP_INSTALL = YES;
			};
			name = Release;
		};
/* End XCBuildConfiguration section */

/* Begin XCConfigurationList section */
		318D05101B1E8613002F3285 /* Build configuration list for PBXProject "WidgetTest" */ = {
			isa = XCConfigurationList;
			buildConfigurations = (
				318D05391B1E8613002F3285 /* Debug */,
				318D053A1B1E8613002F3285 /* Release */,
			);
			defaultConfigurationIsVisible = 0;
			defaultConfigurationName = Release;
		};
		318D053B1B1E8613002F3285 /* Build configuration list for PBXNativeTarget "WidgetTest" */ = {
			isa = XCConfigurationList;
			buildConfigurations = (
				318D053C1B1E8613002F3285 /* Debug */,
				318D053D1B1E8613002F3285 /* Release */,
			);
			defaultConfigurationIsVisible = 0;
		};
		318D053E1B1E8613002F3285 /* Build configuration list for PBXNativeTarget "WidgetTestTests" */ = {
			isa = XCConfigurationList;
			buildConfigurations = (
				318D053F1B1E8613002F3285 /* Debug */,
				318D05401B1E8613002F3285 /* Release */,
			);
			defaultConfigurationIsVisible = 0;
		};
		318D05541B1E8643002F3285 /* Build configuration list for PBXNativeTarget "FixTheCity" */ = {
			isa = XCConfigurationList;
			buildConfigurations = (
				318D05551B1E8643002F3285 /* Debug */,
				318D05561B1E8643002F3285 /* Release */,
			);
			defaultConfigurationIsVisible = 0;
		};
/* End XCConfigurationList section */

/* Begin XCVersionGroup section */
		318D051F1B1E8613002F3285 /* WidgetTest.xcdatamodeld */ = {
			isa = XCVersionGroup;
			children = (
				318D05201B1E8613002F3285 /* WidgetTest.xcdatamodel */,
			);
			currentVersion = 318D05201B1E8613002F3285 /* WidgetTest.xcdatamodel */;
			path = WidgetTest.xcdatamodeld;
			sourceTree = "<group>";
			versionGroupType = wrapper.xcdatamodel;
		};
/* End XCVersionGroup section */
	};
	rootObject = 318D050D1B1E8613002F3285 /* Project object */;
}
